
Microsoft Visual Studio Solution File, Format Version 12.00
# Visual Studio Version 17
VisualStudioVersion = 17.1.32228.430
MinimumVisualStudioVersion = 10.0.40219.1
Project("{2150E333-8FDC-42A3-9474-1A3956D46DE8}") = "Services", "Services", "{0B886A5C-201F-49AD-B983-9CBE3389F486}"
EndProject
Project("{2150E333-8FDC-42A3-9474-1A3956D46DE8}") = "Catalog", "Catalog", "{A0C7986E-31C5-4DB8-A1BE-1E87899D5213}"
EndProject
Project("{9A19103F-16F7-4668-BE54-9A1E7A4F7556}") = "Catalog.API", "Services\Catalog\Catalog.API\Catalog.API.csproj", "{DDC7EB52-F773-4105-9A1E-5430543A9B48}"
EndProject
Project("{E53339B2-1760-4266-BCC7-CA923CBCF16C}") = "docker-compose", "docker-compose.dcproj", "{98761B9B-0309-45D6-8D42-AF8FDCC3265F}"
EndProject
Project("{2150E333-8FDC-42A3-9474-1A3956D46DE8}") = "Basket", "Basket", "{D3B230A9-D70F-4984-8A78-C52EC39D3454}"
EndProject
Project("{9A19103F-16F7-4668-BE54-9A1E7A4F7556}") = "Basket.API", "Services\Basket\Basket.API\Basket.API.csproj", "{47B30C0E-ED9C-412D-8835-55ABCEC07AAC}"
EndProject
Project("{2150E333-8FDC-42A3-9474-1A3956D46DE8}") = "Discount", "Discount", "{D0403164-E9E2-4758-8F96-07FDC676C343}"
EndProject
Project("{9A19103F-16F7-4668-BE54-9A1E7A4F7556}") = "Discount.API", "Services\Discount\Discount.API\Discount.API.csproj", "{28A0EE1D-C022-4F27-BA9F-09584AE37351}"
EndProject
Project("{9A19103F-16F7-4668-BE54-9A1E7A4F7556}") = "Discount.Grpc", "Services\Discount\Discount.Grpc\Discount.Grpc.csproj", "{702A7682-541B-4184-B832-28DDB7DBE2B4}"
EndProject
Project("{2150E333-8FDC-42A3-9474-1A3956D46DE8}") = "Ordering", "Ordering", "{BFEF80DB-F879-4EBA-BDAD-820EBC3D39CF}"
EndProject
Project("{9A19103F-16F7-4668-BE54-9A1E7A4F7556}") = "Ordering.API", "Services\Ordering\Ordering.API\Ordering.API.csproj", "{3C109916-7967-48CB-A219-EDA5CCF7C067}"
EndProject
Project("{9A19103F-16F7-4668-BE54-9A1E7A4F7556}") = "Ordering.Domain", "Services\Ordering\Ordering.Domain\Ordering.Domain.csproj", "{2BED3651-A4A2-4EB0-B2F9-2AC9221546A9}"
EndProject
Project("{9A19103F-16F7-4668-BE54-9A1E7A4F7556}") = "Ordering.Application", "Services\Ordering\Ordering.Application\Ordering.Application.csproj", "{31DFFCDC-9B44-4125-973D-1CCCA91B35B0}"
EndProject
Project("{9A19103F-16F7-4668-BE54-9A1E7A4F7556}") = "Ordering.Infrastructure", "Services\Ordering\Ordering.Infrastructure\Ordering.Infrastructure.csproj", "{BFFB8250-B167-44C2-86C4-631E65680AA5}"
EndProject
Project("{2150E333-8FDC-42A3-9474-1A3956D46DE8}") = "BuildingBlocks", "BuildingBlocks", "{4B31FDC4-44A0-4869-A875-8FF93A1540E5}"
EndProject
Project("{9A19103F-16F7-4668-BE54-9A1E7A4F7556}") = "EventBus.Messages", "BuildingBlocks\EventBus.Messages\EventBus.Messages.csproj", "{2EBE67CE-DD5E-48C4-8935-A2608C37F75C}"
EndProject
Project("{2150E333-8FDC-42A3-9474-1A3956D46DE8}") = "ApiGateways", "ApiGateways", "{D72DA67D-A54F-48B2-81C0-57042613DD48}"
EndProject
Project("{9A19103F-16F7-4668-BE54-9A1E7A4F7556}") = "OcelotApiGw", "ApiGateways\OcelotApiGw\OcelotApiGw.csproj", "{43EE0740-6D4C-4B14-8145-4EAC21CB8356}"
EndProject
Project("{9A19103F-16F7-4668-BE54-9A1E7A4F7556}") = "Shopping.Aggregator", "ApiGateways\Shopping.Aggregator\Shopping.Aggregator.csproj", "{EA253461-00B9-4D4A-A3C5-0512E6CE01BE}"
EndProject
Project("{2150E333-8FDC-42A3-9474-1A3956D46DE8}") = "WebApps", "WebApps", "{847C7D80-F1DB-4D0C-B5F6-CB2CCD3E8A04}"
EndProject
Project("{9A19103F-16F7-4668-BE54-9A1E7A4F7556}") = "AspnetRunBasics", "WebApps\AspnetRunBasics\AspnetRunBasics.csproj", "{618EB612-7D1C-432F-B1AE-B99A1D0C9592}"
EndProject
Project("{9A19103F-16F7-4668-BE54-9A1E7A4F7556}") = "WebStatus", "WebApps\WebStatus\WebStatus.csproj", "{E7E2F48C-38A0-438D-8327-C77572AF4C91}"
EndProject
Global
	GlobalSection(SolutionConfigurationPlatforms) = preSolution
		Debug|Any CPU = Debug|Any CPU
		Release|Any CPU = Release|Any CPU
	EndGlobalSection
	GlobalSection(ProjectConfigurationPlatforms) = postSolution
		{DDC7EB52-F773-4105-9A1E-5430543A9B48}.Debug|Any CPU.ActiveCfg = Debug|Any CPU
		{DDC7EB52-F773-4105-9A1E-5430543A9B48}.Debug|Any CPU.Build.0 = Debug|Any CPU
		{DDC7EB52-F773-4105-9A1E-5430543A9B48}.Release|Any CPU.ActiveCfg = Release|Any CPU
		{DDC7EB52-F773-4105-9A1E-5430543A9B48}.Release|Any CPU.Build.0 = Release|Any CPU
		{98761B9B-0309-45D6-8D42-AF8FDCC3265F}.Debug|Any CPU.ActiveCfg = Debug|Any CPU
		{98761B9B-0309-45D6-8D42-AF8FDCC3265F}.Debug|Any CPU.Build.0 = Debug|Any CPU
		{98761B9B-0309-45D6-8D42-AF8FDCC3265F}.Release|Any CPU.ActiveCfg = Release|Any CPU
		{98761B9B-0309-45D6-8D42-AF8FDCC3265F}.Release|Any CPU.Build.0 = Release|Any CPU
		{47B30C0E-ED9C-412D-8835-55ABCEC07AAC}.Debug|Any CPU.ActiveCfg = Debug|Any CPU
		{47B30C0E-ED9C-412D-8835-55ABCEC07AAC}.Debug|Any CPU.Build.0 = Debug|Any CPU
		{47B30C0E-ED9C-412D-8835-55ABCEC07AAC}.Release|Any CPU.ActiveCfg = Release|Any CPU
		{47B30C0E-ED9C-412D-8835-55ABCEC07AAC}.Release|Any CPU.Build.0 = Release|Any CPU
		{28A0EE1D-C022-4F27-BA9F-09584AE37351}.Debug|Any CPU.ActiveCfg = Debug|Any CPU
		{28A0EE1D-C022-4F27-BA9F-09584AE37351}.Debug|Any CPU.Build.0 = Debug|Any CPU
		{28A0EE1D-C022-4F27-BA9F-09584AE37351}.Release|Any CPU.ActiveCfg = Release|Any CPU
		{28A0EE1D-C022-4F27-BA9F-09584AE37351}.Release|Any CPU.Build.0 = Release|Any CPU
		{702A7682-541B-4184-B832-28DDB7DBE2B4}.Debug|Any CPU.ActiveCfg = Debug|Any CPU
		{702A7682-541B-4184-B832-28DDB7DBE2B4}.Debug|Any CPU.Build.0 = Debug|Any CPU
		{702A7682-541B-4184-B832-28DDB7DBE2B4}.Release|Any CPU.ActiveCfg = Release|Any CPU
		{702A7682-541B-4184-B832-28DDB7DBE2B4}.Release|Any CPU.Build.0 = Release|Any CPU
		{3C109916-7967-48CB-A219-EDA5CCF7C067}.Debug|Any CPU.ActiveCfg = Debug|Any CPU
		{3C109916-7967-48CB-A219-EDA5CCF7C067}.Debug|Any CPU.Build.0 = Debug|Any CPU
		{3C109916-7967-48CB-A219-EDA5CCF7C067}.Release|Any CPU.ActiveCfg = Release|Any CPU
		{3C109916-7967-48CB-A219-EDA5CCF7C067}.Release|Any CPU.Build.0 = Release|Any CPU
		{2BED3651-A4A2-4EB0-B2F9-2AC9221546A9}.Debug|Any CPU.ActiveCfg = Debug|Any CPU
		{2BED3651-A4A2-4EB0-B2F9-2AC9221546A9}.Debug|Any CPU.Build.0 = Debug|Any CPU
		{2BED3651-A4A2-4EB0-B2F9-2AC9221546A9}.Release|Any CPU.ActiveCfg = Release|Any CPU
		{2BED3651-A4A2-4EB0-B2F9-2AC9221546A9}.Release|Any CPU.Build.0 = Release|Any CPU
		{31DFFCDC-9B44-4125-973D-1CCCA91B35B0}.Debug|Any CPU.ActiveCfg = Debug|Any CPU
		{31DFFCDC-9B44-4125-973D-1CCCA91B35B0}.Debug|Any CPU.Build.0 = Debug|Any CPU
		{31DFFCDC-9B44-4125-973D-1CCCA91B35B0}.Release|Any CPU.ActiveCfg = Release|Any CPU
		{31DFFCDC-9B44-4125-973D-1CCCA91B35B0}.Release|Any CPU.Build.0 = Release|Any CPU
		{BFFB8250-B167-44C2-86C4-631E65680AA5}.Debug|Any CPU.ActiveCfg = Debug|Any CPU
		{BFFB8250-B167-44C2-86C4-631E65680AA5}.Debug|Any CPU.Build.0 = Debug|Any CPU
		{BFFB8250-B167-44C2-86C4-631E65680AA5}.Release|Any CPU.ActiveCfg = Release|Any CPU
		{BFFB8250-B167-44C2-86C4-631E65680AA5}.Release|Any CPU.Build.0 = Release|Any CPU
		{2EBE67CE-DD5E-48C4-8935-A2608C37F75C}.Debug|Any CPU.ActiveCfg = Debug|Any CPU
		{2EBE67CE-DD5E-48C4-8935-A2608C37F75C}.Debug|Any CPU.Build.0 = Debug|Any CPU
		{2EBE67CE-DD5E-48C4-8935-A2608C37F75C}.Release|Any CPU.ActiveCfg = Release|Any CPU
		{2EBE67CE-DD5E-48C4-8935-A2608C37F75C}.Release|Any CPU.Build.0 = Release|Any CPU
		{43EE0740-6D4C-4B14-8145-4EAC21CB8356}.Debug|Any CPU.ActiveCfg = Debug|Any CPU
		{43EE0740-6D4C-4B14-8145-4EAC21CB8356}.Debug|Any CPU.Build.0 = Debug|Any CPU
		{43EE0740-6D4C-4B14-8145-4EAC21CB8356}.Release|Any CPU.ActiveCfg = Release|Any CPU
		{43EE0740-6D4C-4B14-8145-4EAC21CB8356}.Release|Any CPU.Build.0 = Release|Any CPU
		{EA253461-00B9-4D4A-A3C5-0512E6CE01BE}.Debug|Any CPU.ActiveCfg = Debug|Any CPU
		{EA253461-00B9-4D4A-A3C5-0512E6CE01BE}.Debug|Any CPU.Build.0 = Debug|Any CPU
		{EA253461-00B9-4D4A-A3C5-0512E6CE01BE}.Release|Any CPU.ActiveCfg = Release|Any CPU
		{EA253461-00B9-4D4A-A3C5-0512E6CE01BE}.Release|Any CPU.Build.0 = Release|Any CPU
		{618EB612-7D1C-432F-B1AE-B99A1D0C9592}.Debug|Any CPU.ActiveCfg = Debug|Any CPU
		{618EB612-7D1C-432F-B1AE-B99A1D0C9592}.Debug|Any CPU.Build.0 = Debug|Any CPU
		{618EB612-7D1C-432F-B1AE-B99A1D0C9592}.Release|Any CPU.ActiveCfg = Release|Any CPU
		{618EB612-7D1C-432F-B1AE-B99A1D0C9592}.Release|Any CPU.Build.0 = Release|Any CPU
		{E7E2F48C-38A0-438D-8327-C77572AF4C91}.Debug|Any CPU.ActiveCfg = Debug|Any CPU
		{E7E2F48C-38A0-438D-8327-C77572AF4C91}.Debug|Any CPU.Build.0 = Debug|Any CPU
		{E7E2F48C-38A0-438D-8327-C77572AF4C91}.Release|Any CPU.ActiveCfg = Release|Any CPU
		{E7E2F48C-38A0-438D-8327-C77572AF4C91}.Release|Any CPU.Build.0 = Release|Any CPU
	EndGlobalSection
	GlobalSection(SolutionProperties) = preSolution
		HideSolutionNode = FALSE
	EndGlobalSection
	GlobalSection(NestedProjects) = preSolution
		{A0C7986E-31C5-4DB8-A1BE-1E87899D5213} = {0B886A5C-201F-49AD-B983-9CBE3389F486}
		{DDC7EB52-F773-4105-9A1E-5430543A9B48} = {A0C7986E-31C5-4DB8-A1BE-1E87899D5213}
		{D3B230A9-D70F-4984-8A78-C52EC39D3454} = {0B886A5C-201F-49AD-B983-9CBE3389F486}
		{47B30C0E-ED9C-412D-8835-55ABCEC07AAC} = {D3B230A9-D70F-4984-8A78-C52EC39D3454}
		{D0403164-E9E2-4758-8F96-07FDC676C343} = {0B886A5C-201F-49AD-B983-9CBE3389F486}
		{28A0EE1D-C022-4F27-BA9F-09584AE37351} = {D0403164-E9E2-4758-8F96-07FDC676C343}
		{702A7682-541B-4184-B832-28DDB7DBE2B4} = {D0403164-E9E2-4758-8F96-07FDC676C343}
		{BFEF80DB-F879-4EBA-BDAD-820EBC3D39CF} = {0B886A5C-201F-49AD-B983-9CBE3389F486}
		{3C109916-7967-48CB-A219-EDA5CCF7C067} = {BFEF80DB-F879-4EBA-BDAD-820EBC3D39CF}
		{2BED3651-A4A2-4EB0-B2F9-2AC9221546A9} = {BFEF80DB-F879-4EBA-BDAD-820EBC3D39CF}
		{31DFFCDC-9B44-4125-973D-1CCCA91B35B0} = {BFEF80DB-F879-4EBA-BDAD-820EBC3D39CF}
		{BFFB8250-B167-44C2-86C4-631E65680AA5} = {BFEF80DB-F879-4EBA-BDAD-820EBC3D39CF}
		{2EBE67CE-DD5E-48C4-8935-A2608C37F75C} = {4B31FDC4-44A0-4869-A875-8FF93A1540E5}
		{43EE0740-6D4C-4B14-8145-4EAC21CB8356} = {D72DA67D-A54F-48B2-81C0-57042613DD48}
		{EA253461-00B9-4D4A-A3C5-0512E6CE01BE} = {D72DA67D-A54F-48B2-81C0-57042613DD48}
		{618EB612-7D1C-432F-B1AE-B99A1D0C9592} = {847C7D80-F1DB-4D0C-B5F6-CB2CCD3E8A04}
		{E7E2F48C-38A0-438D-8327-C77572AF4C91} = {847C7D80-F1DB-4D0C-B5F6-CB2CCD3E8A04}
	EndGlobalSection
	GlobalSection(ExtensibilityGlobals) = postSolution
		SolutionGuid = {68220CD2-1B9E-4AE6-AE7C-48A52495D37B}
	EndGlobalSection
EndGlobal
